// !$*UTF8*$!
{
	archiveVersion = 1;
	classes = {
	};
	objectVersion = 50;
	objects = {

/* Begin PBXBuildFile section */
		D442B16E218038FC00151F7A /* AppDelegate.swift in Sources */ = {isa = PBXBuildFile; fileRef = D442B16D218038FC00151F7A /* AppDelegate.swift */; };
		D442B170218038FC00151F7A /* ViewController.swift in Sources */ = {isa = PBXBuildFile; fileRef = D442B16F218038FC00151F7A /* ViewController.swift */; };
		D442B173218038FC00151F7A /* Main.storyboard in Resources */ = {isa = PBXBuildFile; fileRef = D442B171218038FC00151F7A /* Main.storyboard */; };
		D442B175218038FE00151F7A /* Assets.xcassets in Resources */ = {isa = PBXBuildFile; fileRef = D442B174218038FE00151F7A /* Assets.xcassets */; };
		D442B178218038FF00151F7A /* LaunchScreen.storyboard in Resources */ = {isa = PBXBuildFile; fileRef = D442B176218038FF00151F7A /* LaunchScreen.storyboard */; };
		D442B183218038FF00151F7A /* QRCodeGrTests.swift in Sources */ = {isa = PBXBuildFile; fileRef = D442B182218038FF00151F7A /* QRCodeGrTests.swift */; };
		D442B18E218038FF00151F7A /* QRCodeGrUITests.swift in Sources */ = {isa = PBXBuildFile; fileRef = D442B18D218038FF00151F7A /* QRCodeGrUITests.swift */; };
/* End PBXBuildFile section */

/* Begin PBXContainerItemProxy section */
		D442B17F218038FF00151F7A /* PBXContainerItemProxy */ = {
			isa = PBXContainerItemProxy;
			containerPortal = D442B162218038FC00151F7A /* Project object */;
			proxyType = 1;
			remoteGlobalIDString = D442B169218038FC00151F7A;
			remoteInfo = QRCodeGr;
		};
		D442B18A218038FF00151F7A /* PBXContainerItemProxy */ = {
			isa = PBXContainerItemProxy;
			containerPortal = D442B162218038FC00151F7A /* Project object */;
			proxyType = 1;
			remoteGlobalIDString = D442B169218038FC00151F7A;
			remoteInfo = QRCodeGr;
		};
/* End PBXContainerItemProxy section */

/* Begin PBXFileReference section */
		D442B16A218038FC00151F7A /* QRCodeGr.app */ = {isa = PBXFileReference; explicitFileType = wrapper.application; includeInIndex = 0; path = QRCodeGr.app; sourceTree = BUILT_PRODUCTS_DIR; };
		D442B16D218038FC00151F7A /* AppDelegate.swift */ = {isa = PBXFileReference; lastKnownFileType = sourcecode.swift; path = AppDelegate.swift; sourceTree = "<group>"; };
		D442B16F218038FC00151F7A /* ViewController.swift */ = {isa = PBXFileReference; lastKnownFileType = sourcecode.swift; path = ViewController.swift; sourceTree = "<group>"; };
		D442B172218038FC00151F7A /* Base */ = {isa = PBXFileReference; lastKnownFileType = file.storyboard; name = Base; path = Base.lproj/Main.storyboard; sourceTree = "<group>"; };
		D442B174218038FE00151F7A /* Assets.xcassets */ = {isa = PBXFileReference; lastKnownFileType = folder.assetcatalog; path = Assets.xcassets; sourceTree = "<group>"; };
		D442B177218038FF00151F7A /* Base */ = {isa = PBXFileReference; lastKnownFileType = file.storyboard; name = Base; path = Base.lproj/LaunchScreen.storyboard; sourceTree = "<group>"; };
		D442B179218038FF00151F7A /* Info.plist */ = {isa = PBXFileReference; lastKnownFileType = text.plist.xml; path = Info.plist; sourceTree = "<group>"; };
		D442B17E218038FF00151F7A /* QRCodeGrTests.xctest */ = {isa = PBXFileReference; explicitFileType = wrapper.cfbundle; includeInIndex = 0; path = QRCodeGrTests.xctest; sourceTree = BUILT_PRODUCTS_DIR; };
		D442B182218038FF00151F7A /* QRCodeGrTests.swift */ = {isa = PBXFileReference; lastKnownFileType = sourcecode.swift; path = QRCodeGrTests.swift; sourceTree = "<group>"; };
		D442B184218038FF00151F7A /* Info.plist */ = {isa = PBXFileReference; lastKnownFileType = text.plist.xml; path = Info.plist; sourceTree = "<group>"; };
		D442B189218038FF00151F7A /* QRCodeGrUITests.xctest */ = {isa = PBXFileReference; explicitFileType = wrapper.cfbundle; includeInIndex = 0; path = QRCodeGrUITests.xctest; sourceTree = BUILT_PRODUCTS_DIR; };
		D442B18D218038FF00151F7A /* QRCodeGrUITests.swift */ = {isa = PBXFileReference; lastKnownFileType = sourcecode.swift; path = QRCodeGrUITests.swift; sourceTree = "<group>"; };
		D442B18F218038FF00151F7A /* Info.plist */ = {isa = PBXFileReference; lastKnownFileType = text.plist.xml; path = Info.plist; sourceTree = "<group>"; };
/* End PBXFileReference section */

/* Begin PBXFrameworksBuildPhase section */
		D442B167218038FC00151F7A /* Frameworks */ = {
			isa = PBXFrameworksBuildPhase;
			buildActionMask = 2147483647;
			files = (
			);
			runOnlyForDeploymentPostprocessing = 0;
		};
		D442B17B218038FF00151F7A /* Frameworks */ = {
			isa = PBXFrameworksBuildPhase;
			buildActionMask = 2147483647;
			files = (
			);
			runOnlyForDeploymentPostprocessing = 0;
		};
		D442B186218038FF00151F7A /* Frameworks */ = {
			isa = PBXFrameworksBuildPhase;
			buildActionMask = 2147483647;
			files = (
			);
			runOnlyForDeploymentPostprocessing = 0;
		};
/* End PBXFrameworksBuildPhase section */

/* Begin PBXGroup section */
		D442B161218038FC00151F7A = {
			isa = PBXGroup;
			children = (
				D442B16C218038FC00151F7A /* QRCodeGr */,
				D442B181218038FF00151F7A /* QRCodeGrTests */,
				D442B18C218038FF00151F7A /* QRCodeGrUITests */,
				D442B16B218038FC00151F7A /* Products */,
			);
			sourceTree = "<group>";
		};
		D442B16B218038FC00151F7A /* Products */ = {
			isa = PBXGroup;
			children = (
				D442B16A218038FC00151F7A /* QRCodeGr.app */,
				D442B17E218038FF00151F7A /* QRCodeGrTests.xctest */,
				D442B189218038FF00151F7A /* QRCodeGrUITests.xctest */,
			);
			name = Products;
			sourceTree = "<group>";
		};
		D442B16C218038FC00151F7A /* QRCodeGr */ = {
			isa = PBXGroup;
			children = (
				D442B16D218038FC00151F7A /* AppDelegate.swift */,
				D442B16F218038FC00151F7A /* ViewController.swift */,
				D442B171218038FC00151F7A /* Main.storyboard */,
				D442B174218038FE00151F7A /* Assets.xcassets */,
				D442B176218038FF00151F7A /* LaunchScreen.storyboard */,
				D442B179218038FF00151F7A /* Info.plist */,
			);
			path = QRCodeGr;
			sourceTree = "<group>";
		};
		D442B181218038FF00151F7A /* QRCodeGrTests */ = {
			isa = PBXGroup;
			children = (
				D442B182218038FF00151F7A /* QRCodeGrTests.swift */,
				D442B184218038FF00151F7A /* Info.plist */,
			);
			path = QRCodeGrTests;
			sourceTree = "<group>";
		};
		D442B18C218038FF00151F7A /* QRCodeGrUITests */ = {
			isa = PBXGroup;
			children = (
				D442B18D218038FF00151F7A /* QRCodeGrUITests.swift */,
				D442B18F218038FF00151F7A /* Info.plist */,
			);
			path = QRCodeGrUITests;
			sourceTree = "<group>";
		};
/* End PBXGroup section */

/* Begin PBXNativeTarget section */
		D442B169218038FC00151F7A /* QRCodeGr */ = {
			isa = PBXNativeTarget;
			buildConfigurationList = D442B192218038FF00151F7A /* Build configuration list for PBXNativeTarget "QRCodeGr" */;
			buildPhases = (
				D442B166218038FC00151F7A /* Sources */,
				D442B167218038FC00151F7A /* Frameworks */,
				D442B168218038FC00151F7A /* Resources */,
			);
			buildRules = (
			);
			dependencies = (
			);
			name = QRCodeGr;
			productName = QRCodeGr;
			productReference = D442B16A218038FC00151F7A /* QRCodeGr.app */;
			productType = "com.apple.product-type.application";
		};
		D442B17D218038FF00151F7A /* QRCodeGrTests */ = {
			isa = PBXNativeTarget;
			buildConfigurationList = D442B195218038FF00151F7A /* Build configuration list for PBXNativeTarget "QRCodeGrTests" */;
			buildPhases = (
				D442B17A218038FF00151F7A /* Sources */,
				D442B17B218038FF00151F7A /* Frameworks */,
				D442B17C218038FF00151F7A /* Resources */,
			);
			buildRules = (
			);
			dependencies = (
				D442B180218038FF00151F7A /* PBXTargetDependency */,
			);
			name = QRCodeGrTests;
			productName = QRCodeGrTests;
			productReference = D442B17E218038FF00151F7A /* QRCodeGrTests.xctest */;
			productType = "com.apple.product-type.bundle.unit-test";
		};
		D442B188218038FF00151F7A /* QRCodeGrUITests */ = {
			isa = PBXNativeTarget;
			buildConfigurationList = D442B198218038FF00151F7A /* Build configuration list for PBXNativeTarget "QRCodeGrUITests" */;
			buildPhases = (
				D442B185218038FF00151F7A /* Sources */,
				D442B186218038FF00151F7A /* Frameworks */,
				D442B187218038FF00151F7A /* Resources */,
			);
			buildRules = (
			);
			dependencies = (
				D442B18B218038FF00151F7A /* PBXTargetDependency */,
			);
			name = QRCodeGrUITests;
			productName = QRCodeGrUITests;
			productReference = D442B189218038FF00151F7A /* QRCodeGrUITests.xctest */;
			productType = "com.apple.product-type.bundle.ui-testing";
		};
/* End PBXNativeTarget section */

/* Begin PBXProject section */
		D442B162218038FC00151F7A /* Project object */ = {
			isa = PBXProject;
			attributes = {
				LastSwiftUpdateCheck = 0940;
				LastUpgradeCheck = 0940;
				ORGANIZATIONNAME = "Rahul Morade";
				TargetAttributes = {
					D442B169218038FC00151F7A = {
						CreatedOnToolsVersion = 9.4.1;
					};
					D442B17D218038FF00151F7A = {
						CreatedOnToolsVersion = 9.4.1;
						TestTargetID = D442B169218038FC00151F7A;
					};
					D442B188218038FF00151F7A = {
						CreatedOnToolsVersion = 9.4.1;
						TestTargetID = D442B169218038FC00151F7A;
					};
				};
			};
			buildConfigurationList = D442B165218038FC00151F7A /* Build configuration list for PBXProject "QRCodeGr" */;
			compatibilityVersion = "Xcode 9.3";
			developmentRegion = en;
			hasScannedForEncodings = 0;
			knownRegions = (
				en,
				Base,
			);
			mainGroup = D442B161218038FC00151F7A;
			productRefGroup = D442B16B218038FC00151F7A /* Products */;
			projectDirPath = "";
			projectRoot = "";
			targets = (
				D442B169218038FC00151F7A /* QRCodeGr */,
				D442B17D218038FF00151F7A /* QRCodeGrTests */,
				D442B188218038FF00151F7A /* QRCodeGrUITests */,
			);
		};
/* End PBXProject section */

/* Begin PBXResourcesBuildPhase section */
		D442B168218038FC00151F7A /* Resources */ = {
			isa = PBXResourcesBuildPhase;
			buildActionMask = 2147483647;
			files = (
				D442B178218038FF00151F7A /* LaunchScreen.storyboard in Resources */,
				D442B175218038FE00151F7A /* Assets.xcassets in Resources */,
				D442B173218038FC00151F7A /* Main.storyboard in Resources */,
			);
			runOnlyForDeploymentPostprocessing = 0;
		};
		D442B17C218038FF00151F7A /* Resources */ = {
			isa = PBXResourcesBuildPhase;
			buildActionMask = 2147483647;
			files = (
			);
			runOnlyForDeploymentPostprocessing = 0;
		};
		D442B187218038FF00151F7A /* Resources */ = {
			isa = PBXResourcesBuildPhase;
			buildActionMask = 2147483647;
			files = (
			);
			runOnlyForDeploymentPostprocessing = 0;
		};
/* End PBXResourcesBuildPhase section */

/* Begin PBXSourcesBuildPhase section */
		D442B166218038FC00151F7A /* Sources */ = {
			isa = PBXSourcesBuildPhase;
			buildActionMask = 2147483647;
			files = (
				D442B170218038FC00151F7A /* ViewController.swift in Sources */,
				D442B16E218038FC00151F7A /* AppDelegate.swift in Sources */,
			);
			runOnlyForDeploymentPostprocessing = 0;
		};
		D442B17A218038FF00151F7A /* Sources */ = {
			isa = PBXSourcesBuildPhase;
			buildActionMask = 2147483647;
			files = (
				D442B183218038FF00151F7A /* QRCodeGrTests.swift in Sources */,
			);
			runOnlyForDeploymentPostprocessing = 0;
		};
		D442B185218038FF00151F7A /* Sources */ = {
			isa = PBXSourcesBuildPhase;
			buildActionMask = 2147483647;
			files = (
				D442B18E218038FF00151F7A /* QRCodeGrUITests.swift in Sources */,
			);
			runOnlyForDeploymentPostprocessing = 0;
		};
/* End PBXSourcesBuildPhase section */

/* Begin PBXTargetDependency section */
		D442B180218038FF00151F7A /* PBXTargetDependency */ = {
			isa = PBXTargetDependency;
			target = D442B169218038FC00151F7A /* QRCodeGr */;
			targetProxy = D442B17F218038FF00151F7A /* PBXContainerItemProxy */;
		};
		D442B18B218038FF00151F7A /* PBXTargetDependency */ = {
			isa = PBXTargetDependency;
			target = D442B169218038FC00151F7A /* QRCodeGr */;
			targetProxy = D442B18A218038FF00151F7A /* PBXContainerItemProxy */;
		};
/* End PBXTargetDependency section */

/* Begin PBXVariantGroup section */
		D442B171218038FC00151F7A /* Main.storyboard */ = {
			isa = PBXVariantGroup;
			children = (
				D442B172218038FC00151F7A /* Base */,
			);
			name = Main.storyboard;
			sourceTree = "<group>";
		};
		D442B176218038FF00151F7A /* LaunchScreen.storyboard */ = {
			isa = PBXVariantGroup;
			children = (
				D442B177218038FF00151F7A /* Base */,
			);
			name = LaunchScreen.storyboard;
			sourceTree = "<group>";
		};
/* End PBXVariantGroup section */

/* Begin XCBuildConfiguration section */
		D442B190218038FF00151F7A /* Debug */ = {
			isa = XCBuildConfiguration;
			buildSettings = {
				ALWAYS_SEARCH_USER_PATHS = NO;
				CLANG_ANALYZER_NONNULL = YES;
				CLANG_ANALYZER_NUMBER_OBJECT_CONVERSION = YES_AGGRESSIVE;
				CLANG_CXX_LANGUAGE_STANDARD = "gnu++14";
				CLANG_CXX_LIBRARY = "libc++";
				CLANG_ENABLE_MODULES = YES;
				CLANG_ENABLE_OBJC_ARC = YES;
				CLANG_ENABLE_OBJC_WEAK = YES;
				CLANG_WARN_BLOCK_CAPTURE_AUTORELEASING = YES;
				CLANG_WARN_BOOL_CONVERSION = YES;
				CLANG_WARN_COMMA = YES;
				CLANG_WARN_CONSTANT_CONVERSION = YES;
				CLANG_WARN_DEPRECATED_OBJC_IMPLEMENTATIONS = YES;
				CLANG_WARN_DIRECT_OBJC_ISA_USAGE = YES_ERROR;
				CLANG_WARN_DOCUMENTATION_COMMENTS = YES;
				CLANG_WARN_EMPTY_BODY = YES;
				CLANG_WARN_ENUM_CONVERSION = YES;
				CLANG_WARN_INFINITE_RECURSION = YES;
				CLANG_WARN_INT_CONVERSION = YES;
				CLANG_WARN_NON_LITERAL_NULL_CONVERSION = YES;
				CLANG_WARN_OBJC_IMPLICIT_RETAIN_SELF = YES;
				CLANG_WARN_OBJC_LITERAL_CONVERSION = YES;
				CLANG_WARN_OBJC_ROOT_CLASS = YES_ERROR;
				CLANG_WARN_RANGE_LOOP_ANALYSIS = YES;
				CLANG_WARN_STRICT_PROTOTYPES = YES;
				CLANG_WARN_SUSPICIOUS_MOVE = YES;
				CLANG_WARN_UNGUARDED_AVAILABILITY = YES_AGGRESSIVE;
				CLANG_WARN_UNREACHABLE_CODE = YES;
				CLANG_WARN__DUPLICATE_METHOD_MATCH = YES;
				CODE_SIGN_IDENTITY = "iPhone Developer";
				COPY_PHASE_STRIP = NO;
				DEBUG_INFORMATION_FORMAT = dwarf;
				ENABLE_STRICT_OBJC_MSGSEND = YES;
				ENABLE_TESTABILITY = YES;
				GCC_C_LANGUAGE_STANDARD = gnu11;
				GCC_DYNAMIC_NO_PIC = NO;
				GCC_NO_COMMON_BLOCKS = YES;
				GCC_OPTIMIZATION_LEVEL = 0;
				GCC_PREPROCESSOR_DEFINITIONS = (
					"DEBUG=1",
					"$(inherited)",
				);
				GCC_WARN_64_TO_32_BIT_CONVERSION = YES;
				GCC_WARN_ABOUT_RETURN_TYPE = YES_ERROR;
				GCC_WARN_UNDECLARED_SELECTOR = YES;
				GCC_WARN_UNINITIALIZED_AUTOS = YES_AGGRESSIVE;
				GCC_WARN_UNUSED_FUNCTION = YES;
				GCC_WARN_UNUSED_VARIABLE = YES;
				IPHONEOS_DEPLOYMENT_TARGET = 11.4;
				MTL_ENABLE_DEBUG_INFO = YES;
				ONLY_ACTIVE_ARCH = YES;
				SDKROOT = iphoneos;
				SWIFT_ACTIVE_COMPILATION_CONDITIONS = DEBUG;
				SWIFT_OPTIMIZATION_LEVEL = "-Onone";
			};
			name = Debug;
		};
		D442B191218038FF00151F7A /* Release */ = {
			isa = XCBuildConfiguration;
			buildSettings = {
				ALWAYS_SEARCH_USER_PATHS = NO;
				CLANG_ANALYZER_NONNULL = YES;
				CLANG_ANALYZER_NUMBER_OBJECT_CONVERSION = YES_AGGRESSIVE;
				CLANG_CXX_LANGUAGE_STANDARD = "gnu++14";
				CLANG_CXX_LIBRARY = "libc++";
				CLANG_ENABLE_MODULES = YES;
				CLANG_ENABLE_OBJC_ARC = YES;
				CLANG_ENABLE_OBJC_WEAK = YES;
				CLANG_WARN_BLOCK_CAPTURE_AUTORELEASING = YES;
				CLANG_WARN_BOOL_CONVERSION = YES;
				CLANG_WARN_COMMA = YES;
				CLANG_WARN_CONSTANT_CONVERSION = YES;
				CLANG_WARN_DEPRECATED_OBJC_IMPLEMENTATIONS = YES;
				CLANG_WARN_DIRECT_OBJC_ISA_USAGE = YES_ERROR;
				CLANG_WARN_DOCUMENTATION_COMMENTS = YES;
				CLANG_WARN_EMPTY_BODY = YES;
				CLANG_WARN_ENUM_CONVERSION = YES;
				CLANG_WARN_INFINITE_RECURSION = YES;
				CLANG_WARN_INT_CONVERSION = YES;
				CLANG_WARN_NON_LITERAL_NULL_CONVERSION = YES;
				CLANG_WARN_OBJC_IMPLICIT_RETAIN_SELF = YES;
				CLANG_WARN_OBJC_LITERAL_CONVERSION = YES;
				CLANG_WARN_OBJC_ROOT_CLASS = YES_ERROR;
				CLANG_WARN_RANGE_LOOP_ANALYSIS = YES;
				CLANG_WARN_STRICT_PROTOTYPES = YES;
				CLANG_WARN_SUSPICIOUS_MOVE = YES;
				CLANG_WARN_UNGUARDED_AVAILABILITY = YES_AGGRESSIVE;
				CLANG_WARN_UNREACHABLE_CODE = YES;
				CLANG_WARN__DUPLICATE_METHOD_MATCH = YES;
				CODE_SIGN_IDENTITY = "iPhone Developer";
				COPY_PHASE_STRIP = NO;
				DEBUG_INFORMATION_FORMAT = "dwarf-with-dsym";
				ENABLE_NS_ASSERTIONS = NO;
				ENABLE_STRICT_OBJC_MSGSEND = YES;
				GCC_C_LANGUAGE_STANDARD = gnu11;
				GCC_NO_COMMON_BLOCKS = YES;
				GCC_WARN_64_TO_32_BIT_CONVERSION = YES;
				GCC_WARN_ABOUT_RETURN_TYPE = YES_ERROR;
				GCC_WARN_UNDECLARED_SELECTOR = YES;
				GCC_WARN_UNINITIALIZED_AUTOS = YES_AGGRESSIVE;
				GCC_WARN_UNUSED_FUNCTION = YES;
				GCC_WARN_UNUSED_VARIABLE = YES;
				IPHONEOS_DEPLOYMENT_TARGET = 11.4;
				MTL_ENABLE_DEBUG_INFO = NO;
				SDKROOT = iphoneos;
				SWIFT_COMPILATION_MODE = wholemodule;
				SWIFT_OPTIMIZATION_LEVEL = "-O";
				VALIDATE_PRODUCT = YES;
			};
			name = Release;
		};
		D442B193218038FF00151F7A /* Debug */ = {
			isa = XCBuildConfiguration;
			buildSettings = {
				ASSETCATALOG_COMPILER_APPICON_NAME = AppIcon;
				CODE_SIGN_STYLE = Automatic;
				INFOPLIST_FILE = QRCodeGr/Info.plist;
				LD_RUNPATH_SEARCH_PATHS = (
					"$(inherited)",
					"@executable_path/Frameworks",
				);
				PRODUCT_BUNDLE_IDENTIFIER = rahul.QRCodeGr;
				PRODUCT_NAME = "$(TARGET_NAME)";
				SWIFT_VERSION = 4.0;
				TARGETED_DEVICE_FAMILY = "1,2";
			};
			name = Debug;
		};
		D442B194218038FF00151F7A /* Release */ = {
			isa = XCBuildConfiguration;
			buildSettings = {
				ASSETCATALOG_COMPILER_APPICON_NAME = AppIcon;
				CODE_SIGN_STYLE = Automatic;
				INFOPLIST_FILE = QRCodeGr/Info.plist;
				LD_RUNPATH_SEARCH_PATHS = (
					"$(inherited)",
					"@executable_path/Frameworks",
				);
				PRODUCT_BUNDLE_IDENTIFIER = rahul.QRCodeGr;
				PRODUCT_NAME = "$(TARGET_NAME)";
				SWIFT_VERSION = 4.0;
				TARGETED_DEVICE_FAMILY = "1,2";
			};
			name = Release;
		};
		D442B196218038FF00151F7A /* Debug */ = {
			isa = XCBuildConfiguration;
			buildSettings = {
				ALWAYS_EMBED_SWIFT_STANDARD_LIBRARIES = YES;
				BUNDLE_LOADER = "$(TEST_HOST)";
				CODE_SIGN_STYLE = Automatic;
				INFOPLIST_FILE = QRCodeGrTests/Info.plist;
				LD_RUNPATH_SEARCH_PATHS = (
					"$(inherited)",
					"@executable_path/Frameworks",
					"@loader_path/Frameworks",
				);
				PRODUCT_BUNDLE_IDENTIFIER = rahul.QRCodeGrTests;
				PRODUCT_NAME = "$(TARGET_NAME)";
				SWIFT_VERSION = 4.0;
				TARGETED_DEVICE_FAMILY = "1,2";
				TEST_HOST = "$(BUILT_PRODUCTS_DIR)/QRCodeGr.app/QRCodeGr";
			};
			name = Debug;
		};
		D442B197218038FF00151F7A /* Release */ = {
			isa = XCBuildConfiguration;
			buildSettings = {
				ALWAYS_EMBED_SWIFT_STANDARD_LIBRARIES = YES;
				BUNDLE_LOADER = "$(TEST_HOST)";
				CODE_SIGN_STYLE = Automatic;
				INFOPLIST_FILE = QRCodeGrTests/Info.plist;
				LD_RUNPATH_SEARCH_PATHS = (
					"$(inherited)",
					"@executable_path/Frameworks",
					"@loader_path/Frameworks",
				);
				PRODUCT_BUNDLE_IDENTIFIER = rahul.QRCodeGrTests;
				PRODUCT_NAME = "$(TARGET_NAME)";
				SWIFT_VERSION = 4.0;
				TARGETED_DEVICE_FAMILY = "1,2";
				TEST_HOST = "$(BUILT_PRODUCTS_DIR)/QRCodeGr.app/QRCodeGr";
			};
			name = Release;
		};
		D442B199218038FF00151F7A /* Debug */ = {
			isa = XCBuildConfiguration;
			buildSettings = {
				ALWAYS_EMBED_SWIFT_STANDARD_LIBRARIES = YES;
				CODE_SIGN_STYLE = Automatic;
				INFOPLIST_FILE = QRCodeGrUITests/Info.plist;
				LD_RUNPATH_SEARCH_PATHS = (
					"$(inherited)",
					"@executable_path/Frameworks",
					"@loader_path/Frameworks",
				);
				PRODUCT_BUNDLE_IDENTIFIER = rahul.QRCodeGrUITests;
				PRODUCT_NAME = "$(TARGET_NAME)";
				SWIFT_VERSION = 4.0;
				TARGETED_DEVICE_FAMILY = "1,2";
				TEST_TARGET_NAME = QRCodeGr;
			};
			name = Debug;
		};
		D442B19A218038FF00151F7A /* Release */ = {
			isa = XCBuildConfiguration;
			buildSettings = {
				ALWAYS_EMBED_SWIFT_STANDARD_LIBRARIES = YES;
				CODE_SIGN_STYLE = Automatic;
				INFOPLIST_FILE = QRCodeGrUITests/Info.plist;
				LD_RUNPATH_SEARCH_PATHS = (
					"$(inherited)",
					"@executable_path/Frameworks",
					"@loader_path/Frameworks",
				);
				PRODUCT_BUNDLE_IDENTIFIER = rahul.QRCodeGrUITests;
				PRODUCT_NAME = "$(TARGET_NAME)";
				SWIFT_VERSION = 4.0;
				TARGETED_DEVICE_FAMILY = "1,2";
				TEST_TARGET_NAME = QRCodeGr;
			};
			name = Release;
		};
/* End XCBuildConfiguration section */

/* Begin XCConfigurationList section */
		D442B165218038FC00151F7A /* Build configuration list for PBXProject "QRCodeGr" */ = {
			isa = XCConfigurationList;
			buildConfigurations = (
				D442B190218038FF00151F7A /* Debug */,
				D442B191218038FF00151F7A /* Release */,
			);
			defaultConfigurationIsVisible = 0;
			defaultConfigurationName = Release;
		};
		D442B192218038FF00151F7A /* Build configuration list for PBXNativeTarget "QRCodeGr" */ = {
			isa = XCConfigurationList;
			buildConfigurations = (
				D442B193218038FF00151F7A /* Debug */,
				D442B194218038FF00151F7A /* Release */,
			);
			defaultConfigurationIsVisible = 0;
			defaultConfigurationName = Release;
		};
		D442B195218038FF00151F7A /* Build configuration list for PBXNativeTarget "QRCodeGrTests" */ = {
			isa = XCConfigurationList;
			buildConfigurations = (
				D442B196218038FF00151F7A /* Debug */,
				D442B197218038FF00151F7A /* Release */,
			);
			defaultConfigurationIsVisible = 0;
			defaultConfigurationName = Release;
		};
		D442B198218038FF00151F7A /* Build configuration list for PBXNativeTarget "QRCodeGrUITests" */ = {
			isa = XCConfigurationList;
			buildConfigurations = (
				D442B199218038FF00151F7A /* Debug */,
				D442B19A218038FF00151F7A /* Release */,
			);
			defaultConfigurationIsVisible = 0;
			defaultConfigurationName = Release;
		};
/* End XCConfigurationList section */
	};
	rootObject = D442B162218038FC00151F7A /* Project object */;
}
